
Microsoft Visual Studio Solution File, Format Version 12.00
Project("{2150E333-8FDC-42A3-9474-1A3956D46DE8}") = "4 - Infraestrutura", "4 - Infraestrutura", "{CCB17691-FBD8-46E1-BF8A-E1B9AD97868B}"
EndProject
Project("{2150E333-8FDC-42A3-9474-1A3956D46DE8}") = "3 - Domain", "3 - Domain", "{C3263758-908F-41AD-927A-002DD54765D4}"
EndProject
Project("{FAE04EC0-301F-11D3-BF4B-00C04F79EFBC}") = "Domain", "Domain\Domain.csproj", "{D71B7939-1A70-43CF-BE4B-BFBE171A88DA}"
EndProject
Project("{FAE04EC0-301F-11D3-BF4B-00C04F79EFBC}") = "Infraestrutura.CrossCutting", "Infraestrutura.CrossCutting\Infraestrutura.CrossCutting.csproj", "{D175DACE-72A5-46C0-A102-E55B96CF1A28}"
EndProject
Project("{FAE04EC0-301F-11D3-BF4B-00C04F79EFBC}") = "Infraestrutura.Reports", "Infraestrutura.Reports\Infraestrutura.Reports.csproj", "{5DF03072-8C42-4C28-92F2-B18E39052706}"
EndProject
Project("{2150E333-8FDC-42A3-9474-1A3956D46DE8}") = "1 - Apresentation", "1 - Apresentation", "{1A7E1067-D356-4862-B01E-592D1EE205F6}"
EndProject
Project("{FAE04EC0-301F-11D3-BF4B-00C04F79EFBC}") = "Web", "Web\Web.csproj", "{BF662788-13A4-4FA5-B1BC-7AF3003F3496}"
EndProject
Project("{2150E333-8FDC-42A3-9474-1A3956D46DE8}") = "2 - Aplication", "2 - Aplication", "{FC338885-38A4-4F5C-968F-B906F2B89851}"
EndProject
Project("{FAE04EC0-301F-11D3-BF4B-00C04F79EFBC}") = "Aplication", "Aplication\Aplication.csproj", "{3B05E52B-F161-4887-B616-320C7C5EA3AA}"
EndProject
Project("{2150E333-8FDC-42A3-9474-1A3956D46DE8}") = "Testes", "Testes", "{CA3AE76D-E8A0-40A1-BD59-A1A899B83EC6}"
EndProject
Project("{FAE04EC0-301F-11D3-BF4B-00C04F79EFBC}") = "Testes", "Testes\Testes.csproj", "{209E0EB2-B617-489C-8C35-90F5E2BD3D5F}"
EndProject
Project("{2150E333-8FDC-42A3-9474-1A3956D46DE8}") = "Infra", "Infra", "{2C8D1BE0-C09A-4C38-AF4A-537B137E1001}"
EndProject
Project("{2150E333-8FDC-42A3-9474-1A3956D46DE8}") = "Reports", "Reports", "{691D160E-F457-47BC-B5D5-4FC3F7CF956D}"
EndProject
Project("{2150E333-8FDC-42A3-9474-1A3956D46DE8}") = "CrossCutting", "CrossCutting", "{683F1116-5322-4260-9EDC-67661B8B9FCC}"
EndProject
Project("{FAE04EC0-301F-11D3-BF4B-00C04F79EFBC}") = "Infra.Data", "Infra.Data\Infra.Data.csproj", "{C3488012-C504-4BC1-B412-99ED675705FF}"
EndProject
Global
	GlobalSection(SolutionConfigurationPlatforms) = preSolution
		Debug|Any CPU = Debug|Any CPU
		Release|Any CPU = Release|Any CPU
	EndGlobalSection
	GlobalSection(ProjectConfigurationPlatforms) = postSolution
		{D71B7939-1A70-43CF-BE4B-BFBE171A88DA}.Debug|Any CPU.ActiveCfg = Debug|Any CPU
		{D71B7939-1A70-43CF-BE4B-BFBE171A88DA}.Debug|Any CPU.Build.0 = Debug|Any CPU
		{D71B7939-1A70-43CF-BE4B-BFBE171A88DA}.Release|Any CPU.ActiveCfg = Release|Any CPU
		{D71B7939-1A70-43CF-BE4B-BFBE171A88DA}.Release|Any CPU.Build.0 = Release|Any CPU
		{D175DACE-72A5-46C0-A102-E55B96CF1A28}.Debug|Any CPU.ActiveCfg = Debug|Any CPU
		{D175DACE-72A5-46C0-A102-E55B96CF1A28}.Debug|Any CPU.Build.0 = Debug|Any CPU
		{D175DACE-72A5-46C0-A102-E55B96CF1A28}.Release|Any CPU.ActiveCfg = Release|Any CPU
		{D175DACE-72A5-46C0-A102-E55B96CF1A28}.Release|Any CPU.Build.0 = Release|Any CPU
		{5DF03072-8C42-4C28-92F2-B18E39052706}.Debug|Any CPU.ActiveCfg = Debug|Any CPU
		{5DF03072-8C42-4C28-92F2-B18E39052706}.Debug|Any CPU.Build.0 = Debug|Any CPU
		{5DF03072-8C42-4C28-92F2-B18E39052706}.Release|Any CPU.ActiveCfg = Release|Any CPU
		{5DF03072-8C42-4C28-92F2-B18E39052706}.Release|Any CPU.Build.0 = Release|Any CPU
		{BF662788-13A4-4FA5-B1BC-7AF3003F3496}.Debug|Any CPU.ActiveCfg = Debug|Any CPU
		{BF662788-13A4-4FA5-B1BC-7AF3003F3496}.Debug|Any CPU.Build.0 = Debug|Any CPU
		{BF662788-13A4-4FA5-B1BC-7AF3003F3496}.Release|Any CPU.ActiveCfg = Release|Any CPU
		{BF662788-13A4-4FA5-B1BC-7AF3003F3496}.Release|Any CPU.Build.0 = Release|Any CPU
		{3B05E52B-F161-4887-B616-320C7C5EA3AA}.Debug|Any CPU.ActiveCfg = Debug|Any CPU
		{3B05E52B-F161-4887-B616-320C7C5EA3AA}.Debug|Any CPU.Build.0 = Debug|Any CPU
		{3B05E52B-F161-4887-B616-320C7C5EA3AA}.Release|Any CPU.ActiveCfg = Release|Any CPU
		{3B05E52B-F161-4887-B616-320C7C5EA3AA}.Release|Any CPU.Build.0 = Release|Any CPU
		{209E0EB2-B617-489C-8C35-90F5E2BD3D5F}.Debug|Any CPU.ActiveCfg = Debug|Any CPU
		{209E0EB2-B617-489C-8C35-90F5E2BD3D5F}.Debug|Any CPU.Build.0 = Debug|Any CPU
		{209E0EB2-B617-489C-8C35-90F5E2BD3D5F}.Release|Any CPU.ActiveCfg = Release|Any CPU
		{209E0EB2-B617-489C-8C35-90F5E2BD3D5F}.Release|Any CPU.Build.0 = Release|Any CPU
		{C3488012-C504-4BC1-B412-99ED675705FF}.Debug|Any CPU.ActiveCfg = Debug|Any CPU
		{C3488012-C504-4BC1-B412-99ED675705FF}.Debug|Any CPU.Build.0 = Debug|Any CPU
		{C3488012-C504-4BC1-B412-99ED675705FF}.Release|Any CPU.ActiveCfg = Release|Any CPU
		{C3488012-C504-4BC1-B412-99ED675705FF}.Release|Any CPU.Build.0 = Release|Any CPU
	EndGlobalSection
	GlobalSection(NestedProjects) = preSolution
		{D71B7939-1A70-43CF-BE4B-BFBE171A88DA} = {C3263758-908F-41AD-927A-002DD54765D4}
		{BF662788-13A4-4FA5-B1BC-7AF3003F3496} = {1A7E1067-D356-4862-B01E-592D1EE205F6}
		{3B05E52B-F161-4887-B616-320C7C5EA3AA} = {FC338885-38A4-4F5C-968F-B906F2B89851}
		{209E0EB2-B617-489C-8C35-90F5E2BD3D5F} = {CA3AE76D-E8A0-40A1-BD59-A1A899B83EC6}
		{2C8D1BE0-C09A-4C38-AF4A-537B137E1001} = {CCB17691-FBD8-46E1-BF8A-E1B9AD97868B}
		{691D160E-F457-47BC-B5D5-4FC3F7CF956D} = {CCB17691-FBD8-46E1-BF8A-E1B9AD97868B}
		{5DF03072-8C42-4C28-92F2-B18E39052706} = {691D160E-F457-47BC-B5D5-4FC3F7CF956D}
		{683F1116-5322-4260-9EDC-67661B8B9FCC} = {CCB17691-FBD8-46E1-BF8A-E1B9AD97868B}
		{D175DACE-72A5-46C0-A102-E55B96CF1A28} = {683F1116-5322-4260-9EDC-67661B8B9FCC}
		{C3488012-C504-4BC1-B412-99ED675705FF} = {2C8D1BE0-C09A-4C38-AF4A-537B137E1001}
	EndGlobalSection
EndGlobal
